
Microsoft Visual Studio Solution File, Format Version 12.00
# Visual Studio Version 16
VisualStudioVersion = 16.0.29709.97
MinimumVisualStudioVersion = 10.0.40219.1
Project("{FAE04EC0-301F-11D3-BF4B-00C04F79EFBC}") = "Exercise-2", "Exercise-2.csproj", "{AC350FA3-8CA4-49D4-885B-5F878C235193}"
EndProject
Global
	GlobalSection(SolutionConfigurationPlatforms) = preSolution
		Debug|Any CPU = Debug|Any CPU
		Release|Any CPU = Release|Any CPU
	EndGlobalSection
	GlobalSection(ProjectConfigurationPlatforms) = postSolution
		{AC350FA3-8CA4-49D4-885B-5F878C235193}.Debug|Any CPU.ActiveCfg = Debug|Any CPU
		{AC350FA3-8CA4-49D4-885B-5F878C235193}.Debug|Any CPU.Build.0 = Debug|Any CPU
		{AC350FA3-8CA4-49D4-885B-5F878C235193}.Release|Any CPU.ActiveCfg = Release|Any CPU
		{AC350FA3-8CA4-49D4-885B-5F878C235193}.Release|Any CPU.Build.0 = Release|Any CPU
	EndGlobalSection
	GlobalSection(SolutionProperties) = preSolution
		HideSolutionNode = FALSE
	EndGlobalSection
	GlobalSection(ExtensibilityGlobals) = postSolution
		SolutionGuid = {F3072A11-09F2-41F0-8B0E-9C8410E225A8}
	EndGlobalSection
EndGlobal
